// !$*UTF8*$!
{
	archiveVersion = 1;
	classes = {
	};
	objectVersion = 46;
	objects = {

/* Begin PBXBuildFile section */
		3EC5FAA13B7A7B61818E7090 /* Pods_FourMongo.framework in Frameworks */ = {isa = PBXBuildFile; fileRef = 64E67323B4CBE82DD039651D /* Pods_FourMongo.framework */; };
		FA4DF8511C95933800D7D802 /* AppDelegate.swift in Sources */ = {isa = PBXBuildFile; fileRef = FA4DF8501C95933800D7D802 /* AppDelegate.swift */; };
		FA4DF8531C95933800D7D802 /* RootVC.swift in Sources */ = {isa = PBXBuildFile; fileRef = FA4DF8521C95933800D7D802 /* RootVC.swift */; };
		FA4DF8581C95933800D7D802 /* Assets.xcassets in Resources */ = {isa = PBXBuildFile; fileRef = FA4DF8571C95933800D7D802 /* Assets.xcassets */; };
		FA4DF85B1C95933800D7D802 /* LaunchScreen.storyboard in Resources */ = {isa = PBXBuildFile; fileRef = FA4DF8591C95933800D7D802 /* LaunchScreen.storyboard */; };
		FAEE51EB1C9AE42600B98CCA /* backGroundIMG.png in Resources */ = {isa = PBXBuildFile; fileRef = FAEE51EA1C9AE42600B98CCA /* backGroundIMG.png */; };
		FAEE51ED1C9AEF7900B98CCA /* backGroundImg2.png in Resources */ = {isa = PBXBuildFile; fileRef = FAEE51EC1C9AEF7900B98CCA /* backGroundImg2.png */; };
		FAEE51F11C9AF24600B98CCA /* backGroundImg3.png in Resources */ = {isa = PBXBuildFile; fileRef = FAEE51F01C9AF24600B98CCA /* backGroundImg3.png */; };
/* End PBXBuildFile section */

/* Begin PBXFileReference section */
		402EF573EF80A3EB5351DDAF /* Pods-FourMongo.debug.xcconfig */ = {isa = PBXFileReference; includeInIndex = 1; lastKnownFileType = text.xcconfig; name = "Pods-FourMongo.debug.xcconfig"; path = "Pods/Target Support Files/Pods-FourMongo/Pods-FourMongo.debug.xcconfig"; sourceTree = "<group>"; };
		64E67323B4CBE82DD039651D /* Pods_FourMongo.framework */ = {isa = PBXFileReference; explicitFileType = wrapper.framework; includeInIndex = 0; path = Pods_FourMongo.framework; sourceTree = BUILT_PRODUCTS_DIR; };
		B61C6E278931439E86768F02 /* Pods-FourMongo.release.xcconfig */ = {isa = PBXFileReference; includeInIndex = 1; lastKnownFileType = text.xcconfig; name = "Pods-FourMongo.release.xcconfig"; path = "Pods/Target Support Files/Pods-FourMongo/Pods-FourMongo.release.xcconfig"; sourceTree = "<group>"; };
		FA4DF84D1C95933800D7D802 /* FourMongo.app */ = {isa = PBXFileReference; explicitFileType = wrapper.application; includeInIndex = 0; path = FourMongo.app; sourceTree = BUILT_PRODUCTS_DIR; };
		FA4DF8501C95933800D7D802 /* AppDelegate.swift */ = {isa = PBXFileReference; lastKnownFileType = sourcecode.swift; path = AppDelegate.swift; sourceTree = "<group>"; };
		FA4DF8521C95933800D7D802 /* RootVC.swift */ = {isa = PBXFileReference; lastKnownFileType = sourcecode.swift; path = RootVC.swift; sourceTree = "<group>"; };
		FA4DF8571C95933800D7D802 /* Assets.xcassets */ = {isa = PBXFileReference; lastKnownFileType = folder.assetcatalog; path = Assets.xcassets; sourceTree = "<group>"; };
		FA4DF85A1C95933800D7D802 /* Base */ = {isa = PBXFileReference; lastKnownFileType = file.storyboard; name = Base; path = Base.lproj/LaunchScreen.storyboard; sourceTree = "<group>"; };
		FA4DF85C1C95933800D7D802 /* Info.plist */ = {isa = PBXFileReference; lastKnownFileType = text.plist.xml; path = Info.plist; sourceTree = "<group>"; };
		FAEE51EA1C9AE42600B98CCA /* backGroundIMG.png */ = {isa = PBXFileReference; lastKnownFileType = image.png; path = backGroundIMG.png; sourceTree = "<group>"; };
		FAEE51EC1C9AEF7900B98CCA /* backGroundImg2.png */ = {isa = PBXFileReference; lastKnownFileType = image.png; path = backGroundImg2.png; sourceTree = "<group>"; };
		FAEE51F01C9AF24600B98CCA /* backGroundImg3.png */ = {isa = PBXFileReference; lastKnownFileType = image.png; path = backGroundImg3.png; sourceTree = "<group>"; };
/* End PBXFileReference section */

/* Begin PBXFrameworksBuildPhase section */
		FA4DF84A1C95933800D7D802 /* Frameworks */ = {
			isa = PBXFrameworksBuildPhase;
			buildActionMask = 2147483647;
			files = (
				3EC5FAA13B7A7B61818E7090 /* Pods_FourMongo.framework in Frameworks */,
			);
			runOnlyForDeploymentPostprocessing = 0;
		};
/* End PBXFrameworksBuildPhase section */

/* Begin PBXGroup section */
		0459F72A5EBB0EB120AB07D2 /* Pods */ = {
			isa = PBXGroup;
			children = (
				402EF573EF80A3EB5351DDAF /* Pods-FourMongo.debug.xcconfig */,
				B61C6E278931439E86768F02 /* Pods-FourMongo.release.xcconfig */,
			);
			name = Pods;
			sourceTree = "<group>";
		};
		458B69C63A7CE3FDEB1D0FDC /* Frameworks */ = {
			isa = PBXGroup;
			children = (
				64E67323B4CBE82DD039651D /* Pods_FourMongo.framework */,
			);
			name = Frameworks;
			sourceTree = "<group>";
		};
		FA4DF8441C95933800D7D802 = {
			isa = PBXGroup;
			children = (
				FA4DF84F1C95933800D7D802 /* FourMongo */,
				FA4DF84E1C95933800D7D802 /* Products */,
				0459F72A5EBB0EB120AB07D2 /* Pods */,
				458B69C63A7CE3FDEB1D0FDC /* Frameworks */,
			);
			sourceTree = "<group>";
		};
		FA4DF84E1C95933800D7D802 /* Products */ = {
			isa = PBXGroup;
			children = (
				FA4DF84D1C95933800D7D802 /* FourMongo.app */,
			);
			name = Products;
			sourceTree = "<group>";
		};
		FA4DF84F1C95933800D7D802 /* FourMongo */ = {
			isa = PBXGroup;
			children = (
				FA4DF8621C9594BF00D7D802 /* FirstPage */,
				FA4DF8501C95933800D7D802 /* AppDelegate.swift */,
				FA4DF8521C95933800D7D802 /* RootVC.swift */,
				FA4DF8571C95933800D7D802 /* Assets.xcassets */,
				FAEE51EA1C9AE42600B98CCA /* backGroundIMG.png */,
				FAEE51EC1C9AEF7900B98CCA /* backGroundImg2.png */,
				FAEE51F01C9AF24600B98CCA /* backGroundImg3.png */,
				FA4DF8591C95933800D7D802 /* LaunchScreen.storyboard */,
				FA4DF85C1C95933800D7D802 /* Info.plist */,
			);
			path = FourMongo;
			sourceTree = "<group>";
		};
		FA4DF8621C9594BF00D7D802 /* FirstPage */ = {
			isa = PBXGroup;
			children = (
			);
			name = FirstPage;
			sourceTree = "<group>";
		};
/* End PBXGroup section */

/* Begin PBXNativeTarget section */
		FA4DF84C1C95933800D7D802 /* FourMongo */ = {
			isa = PBXNativeTarget;
			buildConfigurationList = FA4DF85F1C95933800D7D802 /* Build configuration list for PBXNativeTarget "FourMongo" */;
			buildPhases = (
				7423A1C4A8689FD7B567DF04 /* Check Pods Manifest.lock */,
				FA4DF8491C95933800D7D802 /* Sources */,
				FA4DF84A1C95933800D7D802 /* Frameworks */,
				FA4DF84B1C95933800D7D802 /* Resources */,
				6CD83A24BD6D1E99EF2E2272 /* Embed Pods Frameworks */,
				0523D5DFC5E7C99E449120BF /* Copy Pods Resources */,
			);
			buildRules = (
			);
			dependencies = (
			);
			name = FourMongo;
			productName = FourMongo;
			productReference = FA4DF84D1C95933800D7D802 /* FourMongo.app */;
			productType = "com.apple.product-type.application";
		};
/* End PBXNativeTarget section */

/* Begin PBXProject section */
		FA4DF8451C95933800D7D802 /* Project object */ = {
			isa = PBXProject;
			attributes = {
				LastSwiftUpdateCheck = 0720;
				LastUpgradeCheck = 0720;
				ORGANIZATIONNAME = "MoMo IOS";
				TargetAttributes = {
					FA4DF84C1C95933800D7D802 = {
						CreatedOnToolsVersion = 7.2.1;
					};
				};
			};
			buildConfigurationList = FA4DF8481C95933800D7D802 /* Build configuration list for PBXProject "FourMongo" */;
			compatibilityVersion = "Xcode 3.2";
			developmentRegion = English;
			hasScannedForEncodings = 0;
			knownRegions = (
				en,
				Base,
			);
			mainGroup = FA4DF8441C95933800D7D802;
			productRefGroup = FA4DF84E1C95933800D7D802 /* Products */;
			projectDirPath = "";
			projectRoot = "";
			targets = (
				FA4DF84C1C95933800D7D802 /* FourMongo */,
			);
		};
/* End PBXProject section */

/* Begin PBXResourcesBuildPhase section */
		FA4DF84B1C95933800D7D802 /* Resources */ = {
			isa = PBXResourcesBuildPhase;
			buildActionMask = 2147483647;
			files = (
				FAEE51ED1C9AEF7900B98CCA /* backGroundImg2.png in Resources */,
				FA4DF85B1C95933800D7D802 /* LaunchScreen.storyboard in Resources */,
				FAEE51EB1C9AE42600B98CCA /* backGroundIMG.png in Resources */,
				FAEE51F11C9AF24600B98CCA /* backGroundImg3.png in Resources */,
				FA4DF8581C95933800D7D802 /* Assets.xcassets in Resources */,
			);
			runOnlyForDeploymentPostprocessing = 0;
		};
/* End PBXResourcesBuildPhase section */

/* Begin PBXShellScriptBuildPhase section */
		0523D5DFC5E7C99E449120BF /* Copy Pods Resources */ = {
			isa = PBXShellScriptBuildPhase;
			buildActionMask = 2147483647;
			files = (
			);
			inputPaths = (
			);
			name = "Copy Pods Resources";
			outputPaths = (
			);
			runOnlyForDeploymentPostprocessing = 0;
			shellPath = /bin/sh;
			shellScript = "\"${SRCROOT}/Pods/Target Support Files/Pods-FourMongo/Pods-FourMongo-resources.sh\"\n";
			showEnvVarsInLog = 0;
		};
		6CD83A24BD6D1E99EF2E2272 /* Embed Pods Frameworks */ = {
			isa = PBXShellScriptBuildPhase;
			buildActionMask = 2147483647;
			files = (
			);
			inputPaths = (
			);
			name = "Embed Pods Frameworks";
			outputPaths = (
			);
			runOnlyForDeploymentPostprocessing = 0;
			shellPath = /bin/sh;
			shellScript = "\"${SRCROOT}/Pods/Target Support Files/Pods-FourMongo/Pods-FourMongo-frameworks.sh\"\n";
			showEnvVarsInLog = 0;
		};
		7423A1C4A8689FD7B567DF04 /* Check Pods Manifest.lock */ = {
			isa = PBXShellScriptBuildPhase;
			buildActionMask = 2147483647;
			files = (
			);
			inputPaths = (
			);
			name = "Check Pods Manifest.lock";
			outputPaths = (
			);
			runOnlyForDeploymentPostprocessing = 0;
			shellPath = /bin/sh;
			shellScript = "diff \"${PODS_ROOT}/../Podfile.lock\" \"${PODS_ROOT}/Manifest.lock\" > /dev/null\nif [[ $? != 0 ]] ; then\n    cat << EOM\nerror: The sandbox is not in sync with the Podfile.lock. Run 'pod install' or update your CocoaPods installation.\nEOM\n    exit 1\nfi\n";
			showEnvVarsInLog = 0;
		};
/* End PBXShellScriptBuildPhase section */

/* Begin PBXSourcesBuildPhase section */
		FA4DF8491C95933800D7D802 /* Sources */ = {
			isa = PBXSourcesBuildPhase;
			buildActionMask = 2147483647;
			files = (
				FA4DF8531C95933800D7D802 /* RootVC.swift in Sources */,
				FA4DF8511C95933800D7D802 /* AppDelegate.swift in Sources */,
			);
			runOnlyForDeploymentPostprocessing = 0;
		};
/* End PBXSourcesBuildPhase section */

/* Begin PBXVariantGroup section */
		FA4DF8591C95933800D7D802 /* LaunchScreen.storyboard */ = {
			isa = PBXVariantGroup;
			children = (
				FA4DF85A1C95933800D7D802 /* Base */,
			);
			name = LaunchScreen.storyboard;
			sourceTree = "<group>";
		};
/* End PBXVariantGroup section */

/* Begin XCBuildConfiguration section */
		FA4DF85D1C95933800D7D802 /* Debug */ = {
			isa = XCBuildConfiguration;
			buildSettings = {
				ALWAYS_SEARCH_USER_PATHS = NO;
				CLANG_CXX_LANGUAGE_STANDARD = "gnu++0x";
				CLANG_CXX_LIBRARY = "libc++";
				CLANG_ENABLE_MODULES = YES;
				CLANG_ENABLE_OBJC_ARC = YES;
				CLANG_WARN_BOOL_CONVERSION = YES;
				CLANG_WARN_CONSTANT_CONVERSION = YES;
				CLANG_WARN_DIRECT_OBJC_ISA_USAGE = YES_ERROR;
				CLANG_WARN_EMPTY_BODY = YES;
				CLANG_WARN_ENUM_CONVERSION = YES;
				CLANG_WARN_INT_CONVERSION = YES;
				CLANG_WARN_OBJC_ROOT_CLASS = YES_ERROR;
				CLANG_WARN_UNREACHABLE_CODE = YES;
				CLANG_WARN__DUPLICATE_METHOD_MATCH = YES;
				"CODE_SIGN_IDENTITY[sdk=iphoneos*]" = "iPhone Developer";
				COPY_PHASE_STRIP = NO;
				DEBUG_INFORMATION_FORMAT = dwarf;
				ENABLE_STRICT_OBJC_MSGSEND = YES;
				ENABLE_TESTABILITY = YES;
				GCC_C_LANGUAGE_STANDARD = gnu99;
				GCC_DYNAMIC_NO_PIC = NO;
				GCC_NO_COMMON_BLOCKS = YES;
				GCC_OPTIMIZATION_LEVEL = 0;
				GCC_PREPROCESSOR_DEFINITIONS = (
					"DEBUG=1",
					"$(inherited)",
				);
				GCC_WARN_64_TO_32_BIT_CONVERSION = YES;
				GCC_WARN_ABOUT_RETURN_TYPE = YES_ERROR;
				GCC_WARN_UNDECLARED_SELECTOR = YES;
				GCC_WARN_UNINITIALIZED_AUTOS = YES_AGGRESSIVE;
				GCC_WARN_UNUSED_FUNCTION = YES;
				GCC_WARN_UNUSED_VARIABLE = YES;
				IPHONEOS_DEPLOYMENT_TARGET = 9.2;
				MTL_ENABLE_DEBUG_INFO = YES;
				ONLY_ACTIVE_ARCH = YES;
				SDKROOT = iphoneos;
				SWIFT_OPTIMIZATION_LEVEL = "-Onone";
			};
			name = Debug;
		};
		FA4DF85E1C95933800D7D802 /* Release */ = {
			isa = XCBuildConfiguration;
			buildSettings = {
				ALWAYS_SEARCH_USER_PATHS = NO;
				CLANG_CXX_LANGUAGE_STANDARD = "gnu++0x";
				CLANG_CXX_LIBRARY = "libc++";
				CLANG_ENABLE_MODULES = YES;
				CLANG_ENABLE_OBJC_ARC = YES;
				CLANG_WARN_BOOL_CONVERSION = YES;
				CLANG_WARN_CONSTANT_CONVERSION = YES;
				CLANG_WARN_DIRECT_OBJC_ISA_USAGE = YES_ERROR;
				CLANG_WARN_EMPTY_BODY = YES;
				CLANG_WARN_ENUM_CONVERSION = YES;
				CLANG_WARN_INT_CONVERSION = YES;
				CLANG_WARN_OBJC_ROOT_CLASS = YES_ERROR;
				CLANG_WARN_UNREACHABLE_CODE = YES;
				CLANG_WARN__DUPLICATE_METHOD_MATCH = YES;
				"CODE_SIGN_IDENTITY[sdk=iphoneos*]" = "iPhone Developer";
				COPY_PHASE_STRIP = NO;
				DEBUG_INFORMATION_FORMAT = "dwarf-with-dsym";
				ENABLE_NS_ASSERTIONS = NO;
				ENABLE_STRICT_OBJC_MSGSEND = YES;
				GCC_C_LANGUAGE_STANDARD = gnu99;
				GCC_NO_COMMON_BLOCKS = YES;
				GCC_WARN_64_TO_32_BIT_CONVERSION = YES;
				GCC_WARN_ABOUT_RETURN_TYPE = YES_ERROR;
				GCC_WARN_UNDECLARED_SELECTOR = YES;
				GCC_WARN_UNINITIALIZED_AUTOS = YES_AGGRESSIVE;
				GCC_WARN_UNUSED_FUNCTION = YES;
				GCC_WARN_UNUSED_VARIABLE = YES;
				IPHONEOS_DEPLOYMENT_TARGET = 9.2;
				MTL_ENABLE_DEBUG_INFO = NO;
				SDKROOT = iphoneos;
				VALIDATE_PRODUCT = YES;
			};
			name = Release;
		};
		FA4DF8601C95933800D7D802 /* Debug */ = {
			isa = XCBuildConfiguration;
			baseConfigurationReference = 402EF573EF80A3EB5351DDAF /* Pods-FourMongo.debug.xcconfig */;
			buildSettings = {
				ASSETCATALOG_COMPILER_APPICON_NAME = AppIcon;
				CODE_SIGN_IDENTITY = "iPhone Developer";
				INFOPLIST_FILE = FourMongo/Info.plist;
				IPHONEOS_DEPLOYMENT_TARGET = 8.0;
				LD_RUNPATH_SEARCH_PATHS = "$(inherited) @executable_path/Frameworks";
				PRODUCT_BUNDLE_IDENTIFIER = com.MoMoIOS.FourMongo;
				PRODUCT_NAME = "$(TARGET_NAME)";
			};
			name = Debug;
		};
		FA4DF8611C95933800D7D802 /* Release */ = {
			isa = XCBuildConfiguration;
			baseConfigurationReference = B61C6E278931439E86768F02 /* Pods-FourMongo.release.xcconfig */;
			buildSettings = {
				ASSETCATALOG_COMPILER_APPICON_NAME = AppIcon;
				CODE_SIGN_IDENTITY = "iPhone Developer";
				INFOPLIST_FILE = FourMongo/Info.plist;
				IPHONEOS_DEPLOYMENT_TARGET = 8.0;
				LD_RUNPATH_SEARCH_PATHS = "$(inherited) @executable_path/Frameworks";
				PRODUCT_BUNDLE_IDENTIFIER = com.MoMoIOS.FourMongo;
				PRODUCT_NAME = "$(TARGET_NAME)";
			};
			name = Release;
		};
/* End XCBuildConfiguration section */

/* Begin XCConfigurationList section */
		FA4DF8481C95933800D7D802 /* Build configuration list for PBXProject "FourMongo" */ = {
			isa = XCConfigurationList;
			buildConfigurations = (
				FA4DF85D1C95933800D7D802 /* Debug */,
				FA4DF85E1C95933800D7D802 /* Release */,
			);
			defaultConfigurationIsVisible = 0;
			defaultConfigurationName = Release;
		};
		FA4DF85F1C95933800D7D802 /* Build configuration list for PBXNativeTarget "FourMongo" */ = {
			isa = XCConfigurationList;
			buildConfigurations = (
				FA4DF8601C95933800D7D802 /* Debug */,
				FA4DF8611C95933800D7D802 /* Release */,
			);
			defaultConfigurationIsVisible = 0;
			defaultConfigurationName = Release;
		};
/* End XCConfigurationList section */
	};
	rootObject = FA4DF8451C95933800D7D802 /* Project object */;
}
